// !$*UTF8*$!
{
	archiveVersion = 1;
	classes = {
	};
	objectVersion = 55;
	objects = {

/* Begin PBXBuildFile section */
		4B0305CB28F45927000796DE /* String+Extension.swift in Sources */ = {isa = PBXBuildFile; fileRef = 4B0305CA28F45927000796DE /* String+Extension.swift */; };
		4B1B833228F0BEF50014A9B5 /* ProfileViewController.swift in Sources */ = {isa = PBXBuildFile; fileRef = 4B1B833128F0BEF50014A9B5 /* ProfileViewController.swift */; };
		4B1B833428F0C3080014A9B5 /* ProfileCoordinator.swift in Sources */ = {isa = PBXBuildFile; fileRef = 4B1B833328F0C3080014A9B5 /* ProfileCoordinator.swift */; };
		4B1B833628F18F050014A9B5 /* ProfileViewModel.swift in Sources */ = {isa = PBXBuildFile; fileRef = 4B1B833528F18F050014A9B5 /* ProfileViewModel.swift */; };
		4B1B833B28F19B0E0014A9B5 /* NavigationCoordinator.swift in Sources */ = {isa = PBXBuildFile; fileRef = 4B1B833A28F19B0E0014A9B5 /* NavigationCoordinator.swift */; };
		4B1B833D28F1EA080014A9B5 /* LoaderReusableView.swift in Sources */ = {isa = PBXBuildFile; fileRef = 4B1B833C28F1EA080014A9B5 /* LoaderReusableView.swift */; };
		4B3FA84A28EF0EA200599358 /* AppDelegate.swift in Sources */ = {isa = PBXBuildFile; fileRef = 4B3FA84928EF0EA200599358 /* AppDelegate.swift */; };
		4B3FA84C28EF0EA200599358 /* SceneDelegate.swift in Sources */ = {isa = PBXBuildFile; fileRef = 4B3FA84B28EF0EA200599358 /* SceneDelegate.swift */; };
		4B3FA85328EF0EAB00599358 /* Assets.xcassets in Resources */ = {isa = PBXBuildFile; fileRef = 4B3FA85228EF0EAB00599358 /* Assets.xcassets */; };
		4B3FA85628EF0EAB00599358 /* LaunchScreen.storyboard in Resources */ = {isa = PBXBuildFile; fileRef = 4B3FA85428EF0EAB00599358 /* LaunchScreen.storyboard */; };
		4B3FA85E28EF0FB900599358 /* UserListViewController.swift in Sources */ = {isa = PBXBuildFile; fileRef = 4B3FA85D28EF0FB900599358 /* UserListViewController.swift */; };
		4B91FBFD28EF46A800719EC9 /* UserListCell.swift in Sources */ = {isa = PBXBuildFile; fileRef = 4B91FBFC28EF46A800719EC9 /* UserListCell.swift */; };
		4B91FBFF28EF7FE100719EC9 /* UICollectionReusableView+Extension.swift in Sources */ = {isa = PBXBuildFile; fileRef = 4B91FBFE28EF7FE100719EC9 /* UICollectionReusableView+Extension.swift */; };
		4B91FC0328EF83C800719EC9 /* UserListCoordinator.swift in Sources */ = {isa = PBXBuildFile; fileRef = 4B91FC0228EF83C800719EC9 /* UserListCoordinator.swift */; };
		4B91FC0528F063D200719EC9 /* UserListViewModel.swift in Sources */ = {isa = PBXBuildFile; fileRef = 4B91FC0428F063D200719EC9 /* UserListViewModel.swift */; };
		4B91FC0A28F0683800719EC9 /* RandomUser.swift in Sources */ = {isa = PBXBuildFile; fileRef = 4B91FC0928F0683800719EC9 /* RandomUser.swift */; };
		4B91FC0C28F06B8700719EC9 /* RandomUserAPI.swift in Sources */ = {isa = PBXBuildFile; fileRef = 4B91FC0B28F06B8700719EC9 /* RandomUserAPI.swift */; };
		4BF5742328F3567900F9752F /* Model.xcdatamodeld in Sources */ = {isa = PBXBuildFile; fileRef = 4BF5742128F3567900F9752F /* Model.xcdatamodeld */; };
		4BF5742528F3590B00F9752F /* CoreDataStore.swift in Sources */ = {isa = PBXBuildFile; fileRef = 4BF5742428F3590B00F9752F /* CoreDataStore.swift */; };
/* End PBXBuildFile section */

/* Begin PBXFileReference section */
		4B0305CA28F45927000796DE /* String+Extension.swift */ = {isa = PBXFileReference; lastKnownFileType = sourcecode.swift; path = "String+Extension.swift"; sourceTree = "<group>"; };
		4B1B833128F0BEF50014A9B5 /* ProfileViewController.swift */ = {isa = PBXFileReference; lastKnownFileType = sourcecode.swift; path = ProfileViewController.swift; sourceTree = "<group>"; };
		4B1B833328F0C3080014A9B5 /* ProfileCoordinator.swift */ = {isa = PBXFileReference; lastKnownFileType = sourcecode.swift; path = ProfileCoordinator.swift; sourceTree = "<group>"; };
		4B1B833528F18F050014A9B5 /* ProfileViewModel.swift */ = {isa = PBXFileReference; lastKnownFileType = sourcecode.swift; path = ProfileViewModel.swift; sourceTree = "<group>"; };
		4B1B833A28F19B0E0014A9B5 /* NavigationCoordinator.swift */ = {isa = PBXFileReference; lastKnownFileType = sourcecode.swift; path = NavigationCoordinator.swift; sourceTree = "<group>"; };
		4B1B833C28F1EA080014A9B5 /* LoaderReusableView.swift */ = {isa = PBXFileReference; lastKnownFileType = sourcecode.swift; path = LoaderReusableView.swift; sourceTree = "<group>"; };
		4B3FA84628EF0EA200599358 /* GreenDataTest.app */ = {isa = PBXFileReference; explicitFileType = wrapper.application; includeInIndex = 0; path = GreenDataTest.app; sourceTree = BUILT_PRODUCTS_DIR; };
		4B3FA84928EF0EA200599358 /* AppDelegate.swift */ = {isa = PBXFileReference; lastKnownFileType = sourcecode.swift; path = AppDelegate.swift; sourceTree = "<group>"; };
		4B3FA84B28EF0EA200599358 /* SceneDelegate.swift */ = {isa = PBXFileReference; lastKnownFileType = sourcecode.swift; path = SceneDelegate.swift; sourceTree = "<group>"; };
		4B3FA85228EF0EAB00599358 /* Assets.xcassets */ = {isa = PBXFileReference; lastKnownFileType = folder.assetcatalog; path = Assets.xcassets; sourceTree = "<group>"; };
		4B3FA85528EF0EAB00599358 /* Base */ = {isa = PBXFileReference; lastKnownFileType = file.storyboard; name = Base; path = Base.lproj/LaunchScreen.storyboard; sourceTree = "<group>"; };
		4B3FA85728EF0EAB00599358 /* Info.plist */ = {isa = PBXFileReference; lastKnownFileType = text.plist.xml; path = Info.plist; sourceTree = "<group>"; };
		4B3FA85D28EF0FB900599358 /* UserListViewController.swift */ = {isa = PBXFileReference; lastKnownFileType = sourcecode.swift; path = UserListViewController.swift; sourceTree = "<group>"; };
		4B91FBFC28EF46A800719EC9 /* UserListCell.swift */ = {isa = PBXFileReference; lastKnownFileType = sourcecode.swift; path = UserListCell.swift; sourceTree = "<group>"; };
		4B91FBFE28EF7FE100719EC9 /* UICollectionReusableView+Extension.swift */ = {isa = PBXFileReference; lastKnownFileType = sourcecode.swift; path = "UICollectionReusableView+Extension.swift"; sourceTree = "<group>"; };
		4B91FC0228EF83C800719EC9 /* UserListCoordinator.swift */ = {isa = PBXFileReference; lastKnownFileType = sourcecode.swift; path = UserListCoordinator.swift; sourceTree = "<group>"; };
		4B91FC0428F063D200719EC9 /* UserListViewModel.swift */ = {isa = PBXFileReference; lastKnownFileType = sourcecode.swift; path = UserListViewModel.swift; sourceTree = "<group>"; };
		4B91FC0928F0683800719EC9 /* RandomUser.swift */ = {isa = PBXFileReference; lastKnownFileType = sourcecode.swift; path = RandomUser.swift; sourceTree = "<group>"; };
		4B91FC0B28F06B8700719EC9 /* RandomUserAPI.swift */ = {isa = PBXFileReference; lastKnownFileType = sourcecode.swift; path = RandomUserAPI.swift; sourceTree = "<group>"; };
		4BF5742228F3567900F9752F /* Model.xcdatamodel */ = {isa = PBXFileReference; lastKnownFileType = wrapper.xcdatamodel; path = Model.xcdatamodel; sourceTree = "<group>"; };
		4BF5742428F3590B00F9752F /* CoreDataStore.swift */ = {isa = PBXFileReference; lastKnownFileType = sourcecode.swift; path = CoreDataStore.swift; sourceTree = "<group>"; };
/* End PBXFileReference section */

/* Begin PBXFrameworksBuildPhase section */
		4B3FA84328EF0EA200599358 /* Frameworks */ = {
			isa = PBXFrameworksBuildPhase;
			buildActionMask = 2147483647;
			files = (
			);
			runOnlyForDeploymentPostprocessing = 0;
		};
/* End PBXFrameworksBuildPhase section */

/* Begin PBXGroup section */
		4B1B833028F0BEE00014A9B5 /* Profile */ = {
			isa = PBXGroup;
			children = (
				4B1B833128F0BEF50014A9B5 /* ProfileViewController.swift */,
				4B1B833528F18F050014A9B5 /* ProfileViewModel.swift */,
				4B1B833328F0C3080014A9B5 /* ProfileCoordinator.swift */,
			);
			path = Profile;
			sourceTree = "<group>";
		};
		4B1B833728F19AE60014A9B5 /* Model */ = {
			isa = PBXGroup;
			children = (
				4B91FC0928F0683800719EC9 /* RandomUser.swift */,
			);
			path = Model;
			sourceTree = "<group>";
		};
		4B1B833828F19AEF0014A9B5 /* Services */ = {
			isa = PBXGroup;
			children = (
				4B91FC0B28F06B8700719EC9 /* RandomUserAPI.swift */,
				4BF5742428F3590B00F9752F /* CoreDataStore.swift */,
			);
			path = Services;
			sourceTree = "<group>";
		};
		4B1B833928F19AFB0014A9B5 /* Common */ = {
			isa = PBXGroup;
			children = (
				4B1B833A28F19B0E0014A9B5 /* NavigationCoordinator.swift */,
				4B1B833828F19AEF0014A9B5 /* Services */,
			);
			path = Common;
			sourceTree = "<group>";
		};
		4B3FA83D28EF0EA100599358 = {
			isa = PBXGroup;
			children = (
				4B3FA84828EF0EA200599358 /* GreenDataTest */,
				4B3FA84728EF0EA200599358 /* Products */,
			);
			sourceTree = "<group>";
		};
		4B3FA84728EF0EA200599358 /* Products */ = {
			isa = PBXGroup;
			children = (
				4B3FA84628EF0EA200599358 /* GreenDataTest.app */,
			);
			name = Products;
			sourceTree = "<group>";
		};
		4B3FA84828EF0EA200599358 /* GreenDataTest */ = {
			isa = PBXGroup;
			children = (
				4B3FA84928EF0EA200599358 /* AppDelegate.swift */,
				4B3FA84B28EF0EA200599358 /* SceneDelegate.swift */,
				4B1B833928F19AFB0014A9B5 /* Common */,
				4B1B833728F19AE60014A9B5 /* Model */,
				4B1B833028F0BEE00014A9B5 /* Profile */,
				4B91FC0628F0646200719EC9 /* UserList */,
				4B91FC0028EF804F00719EC9 /* Extensions */,
				4B3FA85228EF0EAB00599358 /* Assets.xcassets */,
				4B3FA85428EF0EAB00599358 /* LaunchScreen.storyboard */,
				4BF5742128F3567900F9752F /* Model.xcdatamodeld */,
				4B3FA85728EF0EAB00599358 /* Info.plist */,
			);
			path = GreenDataTest;
			sourceTree = "<group>";
		};
		4B91FC0028EF804F00719EC9 /* Extensions */ = {
			isa = PBXGroup;
			children = (
				4B91FBFE28EF7FE100719EC9 /* UICollectionReusableView+Extension.swift */,
				4B0305CA28F45927000796DE /* String+Extension.swift */,
			);
			path = Extensions;
			sourceTree = "<group>";
		};
		4B91FC0128EF805B00719EC9 /* View */ = {
			isa = PBXGroup;
			children = (
				4B3FA85D28EF0FB900599358 /* UserListViewController.swift */,
				4B1B833C28F1EA080014A9B5 /* LoaderReusableView.swift */,
				4B91FBFC28EF46A800719EC9 /* UserListCell.swift */,
			);
			path = View;
			sourceTree = "<group>";
		};
		4B91FC0628F0646200719EC9 /* UserList */ = {
			isa = PBXGroup;
			children = (
				4B91FC0228EF83C800719EC9 /* UserListCoordinator.swift */,
				4B91FC0428F063D200719EC9 /* UserListViewModel.swift */,
				4B91FC0128EF805B00719EC9 /* View */,
			);
			path = UserList;
			sourceTree = "<group>";
		};
/* End PBXGroup section */

/* Begin PBXNativeTarget section */
		4B3FA84528EF0EA200599358 /* GreenDataTest */ = {
			isa = PBXNativeTarget;
			buildConfigurationList = 4B3FA85A28EF0EAB00599358 /* Build configuration list for PBXNativeTarget "GreenDataTest" */;
			buildPhases = (
				4B3FA84228EF0EA200599358 /* Sources */,
				4B3FA84328EF0EA200599358 /* Frameworks */,
				4B3FA84428EF0EA200599358 /* Resources */,
			);
			buildRules = (
			);
			dependencies = (
			);
			name = GreenDataTest;
			productName = GreenDataTest;
			productReference = 4B3FA84628EF0EA200599358 /* GreenDataTest.app */;
			productType = "com.apple.product-type.application";
		};
/* End PBXNativeTarget section */

/* Begin PBXProject section */
		4B3FA83E28EF0EA100599358 /* Project object */ = {
			isa = PBXProject;
			attributes = {
				BuildIndependentTargetsInParallel = 1;
				LastSwiftUpdateCheck = 1340;
				LastUpgradeCheck = 1340;
				TargetAttributes = {
					4B3FA84528EF0EA200599358 = {
						CreatedOnToolsVersion = 13.4.1;
					};
				};
			};
			buildConfigurationList = 4B3FA84128EF0EA100599358 /* Build configuration list for PBXProject "GreenDataTest" */;
			compatibilityVersion = "Xcode 13.0";
			developmentRegion = en;
			hasScannedForEncodings = 0;
			knownRegions = (
				en,
				Base,
			);
			mainGroup = 4B3FA83D28EF0EA100599358;
			productRefGroup = 4B3FA84728EF0EA200599358 /* Products */;
			projectDirPath = "";
			projectRoot = "";
			targets = (
				4B3FA84528EF0EA200599358 /* GreenDataTest */,
			);
		};
/* End PBXProject section */

/* Begin PBXResourcesBuildPhase section */
		4B3FA84428EF0EA200599358 /* Resources */ = {
			isa = PBXResourcesBuildPhase;
			buildActionMask = 2147483647;
			files = (
				4B3FA85628EF0EAB00599358 /* LaunchScreen.storyboard in Resources */,
				4B3FA85328EF0EAB00599358 /* Assets.xcassets in Resources */,
			);
			runOnlyForDeploymentPostprocessing = 0;
		};
/* End PBXResourcesBuildPhase section */

/* Begin PBXSourcesBuildPhase section */
		4B3FA84228EF0EA200599358 /* Sources */ = {
			isa = PBXSourcesBuildPhase;
			buildActionMask = 2147483647;
			files = (
				4B1B833428F0C3080014A9B5 /* ProfileCoordinator.swift in Sources */,
				4B91FBFD28EF46A800719EC9 /* UserListCell.swift in Sources */,
				4BF5742328F3567900F9752F /* Model.xcdatamodeld in Sources */,
				4B91FC0328EF83C800719EC9 /* UserListCoordinator.swift in Sources */,
				4B1B833B28F19B0E0014A9B5 /* NavigationCoordinator.swift in Sources */,
				4B1B833228F0BEF50014A9B5 /* ProfileViewController.swift in Sources */,
				4B3FA84A28EF0EA200599358 /* AppDelegate.swift in Sources */,
				4B91FC0C28F06B8700719EC9 /* RandomUserAPI.swift in Sources */,
				4B0305CB28F45927000796DE /* String+Extension.swift in Sources */,
				4B1B833628F18F050014A9B5 /* ProfileViewModel.swift in Sources */,
				4B91FC0A28F0683800719EC9 /* RandomUser.swift in Sources */,
				4B91FBFF28EF7FE100719EC9 /* UICollectionReusableView+Extension.swift in Sources */,
				4B3FA84C28EF0EA200599358 /* SceneDelegate.swift in Sources */,
				4B91FC0528F063D200719EC9 /* UserListViewModel.swift in Sources */,
				4B1B833D28F1EA080014A9B5 /* LoaderReusableView.swift in Sources */,
				4BF5742528F3590B00F9752F /* CoreDataStore.swift in Sources */,
				4B3FA85E28EF0FB900599358 /* UserListViewController.swift in Sources */,
			);
			runOnlyForDeploymentPostprocessing = 0;
		};
/* End PBXSourcesBuildPhase section */

/* Begin PBXVariantGroup section */
		4B3FA85428EF0EAB00599358 /* LaunchScreen.storyboard */ = {
			isa = PBXVariantGroup;
			children = (
				4B3FA85528EF0EAB00599358 /* Base */,
			);
			name = LaunchScreen.storyboard;
			sourceTree = "<group>";
		};
/* End PBXVariantGroup section */

/* Begin XCBuildConfiguration section */
		4B3FA85828EF0EAB00599358 /* Debug */ = {
			isa = XCBuildConfiguration;
			buildSettings = {
				ALWAYS_SEARCH_USER_PATHS = NO;
				CLANG_ANALYZER_NONNULL = YES;
				CLANG_ANALYZER_NUMBER_OBJECT_CONVERSION = YES_AGGRESSIVE;
				CLANG_CXX_LANGUAGE_STANDARD = "gnu++17";
				CLANG_ENABLE_MODULES = YES;
				CLANG_ENABLE_OBJC_ARC = YES;
				CLANG_ENABLE_OBJC_WEAK = YES;
				CLANG_WARN_BLOCK_CAPTURE_AUTORELEASING = YES;
				CLANG_WARN_BOOL_CONVERSION = YES;
				CLANG_WARN_COMMA = YES;
				CLANG_WARN_CONSTANT_CONVERSION = YES;
				CLANG_WARN_DEPRECATED_OBJC_IMPLEMENTATIONS = YES;
				CLANG_WARN_DIRECT_OBJC_ISA_USAGE = YES_ERROR;
				CLANG_WARN_DOCUMENTATION_COMMENTS = YES;
				CLANG_WARN_EMPTY_BODY = YES;
				CLANG_WARN_ENUM_CONVERSION = YES;
				CLANG_WARN_INFINITE_RECURSION = YES;
				CLANG_WARN_INT_CONVERSION = YES;
				CLANG_WARN_NON_LITERAL_NULL_CONVERSION = YES;
				CLANG_WARN_OBJC_IMPLICIT_RETAIN_SELF = YES;
				CLANG_WARN_OBJC_LITERAL_CONVERSION = YES;
				CLANG_WARN_OBJC_ROOT_CLASS = YES_ERROR;
				CLANG_WARN_QUOTED_INCLUDE_IN_FRAMEWORK_HEADER = YES;
				CLANG_WARN_RANGE_LOOP_ANALYSIS = YES;
				CLANG_WARN_STRICT_PROTOTYPES = YES;
				CLANG_WARN_SUSPICIOUS_MOVE = YES;
				CLANG_WARN_UNGUARDED_AVAILABILITY = YES_AGGRESSIVE;
				CLANG_WARN_UNREACHABLE_CODE = YES;
				CLANG_WARN__DUPLICATE_METHOD_MATCH = YES;
				COPY_PHASE_STRIP = NO;
				DEBUG_INFORMATION_FORMAT = dwarf;
				ENABLE_STRICT_OBJC_MSGSEND = YES;
				ENABLE_TESTABILITY = YES;
				GCC_C_LANGUAGE_STANDARD = gnu11;
				GCC_DYNAMIC_NO_PIC = NO;
				GCC_NO_COMMON_BLOCKS = YES;
				GCC_OPTIMIZATION_LEVEL = 0;
				GCC_PREPROCESSOR_DEFINITIONS = (
					"DEBUG=1",
					"$(inherited)",
				);
				GCC_WARN_64_TO_32_BIT_CONVERSION = YES;
				GCC_WARN_ABOUT_RETURN_TYPE = YES_ERROR;
				GCC_WARN_UNDECLARED_SELECTOR = YES;
				GCC_WARN_UNINITIALIZED_AUTOS = YES_AGGRESSIVE;
				GCC_WARN_UNUSED_FUNCTION = YES;
				GCC_WARN_UNUSED_VARIABLE = YES;
				IPHONEOS_DEPLOYMENT_TARGET = 15.5;
				MTL_ENABLE_DEBUG_INFO = INCLUDE_SOURCE;
				MTL_FAST_MATH = YES;
				ONLY_ACTIVE_ARCH = YES;
				SDKROOT = iphoneos;
				SWIFT_ACTIVE_COMPILATION_CONDITIONS = DEBUG;
				SWIFT_OPTIMIZATION_LEVEL = "-Onone";
			};
			name = Debug;
		};
		4B3FA85928EF0EAB00599358 /* Release */ = {
			isa = XCBuildConfiguration;
			buildSettings = {
				ALWAYS_SEARCH_USER_PATHS = NO;
				CLANG_ANALYZER_NONNULL = YES;
				CLANG_ANALYZER_NUMBER_OBJECT_CONVERSION = YES_AGGRESSIVE;
				CLANG_CXX_LANGUAGE_STANDARD = "gnu++17";
				CLANG_ENABLE_MODULES = YES;
				CLANG_ENABLE_OBJC_ARC = YES;
				CLANG_ENABLE_OBJC_WEAK = YES;
				CLANG_WARN_BLOCK_CAPTURE_AUTORELEASING = YES;
				CLANG_WARN_BOOL_CONVERSION = YES;
				CLANG_WARN_COMMA = YES;
				CLANG_WARN_CONSTANT_CONVERSION = YES;
				CLANG_WARN_DEPRECATED_OBJC_IMPLEMENTATIONS = YES;
				CLANG_WARN_DIRECT_OBJC_ISA_USAGE = YES_ERROR;
				CLANG_WARN_DOCUMENTATION_COMMENTS = YES;
				CLANG_WARN_EMPTY_BODY = YES;
				CLANG_WARN_ENUM_CONVERSION = YES;
				CLANG_WARN_INFINITE_RECURSION = YES;
				CLANG_WARN_INT_CONVERSION = YES;
				CLANG_WARN_NON_LITERAL_NULL_CONVERSION = YES;
				CLANG_WARN_OBJC_IMPLICIT_RETAIN_SELF = YES;
				CLANG_WARN_OBJC_LITERAL_CONVERSION = YES;
				CLANG_WARN_OBJC_ROOT_CLASS = YES_ERROR;
				CLANG_WARN_QUOTED_INCLUDE_IN_FRAMEWORK_HEADER = YES;
				CLANG_WARN_RANGE_LOOP_ANALYSIS = YES;
				CLANG_WARN_STRICT_PROTOTYPES = YES;
				CLANG_WARN_SUSPICIOUS_MOVE = YES;
				CLANG_WARN_UNGUARDED_AVAILABILITY = YES_AGGRESSIVE;
				CLANG_WARN_UNREACHABLE_CODE = YES;
				CLANG_WARN__DUPLICATE_METHOD_MATCH = YES;
				COPY_PHASE_STRIP = NO;
				DEBUG_INFORMATION_FORMAT = "dwarf-with-dsym";
				ENABLE_NS_ASSERTIONS = NO;
				ENABLE_STRICT_OBJC_MSGSEND = YES;
				GCC_C_LANGUAGE_STANDARD = gnu11;
				GCC_NO_COMMON_BLOCKS = YES;
				GCC_WARN_64_TO_32_BIT_CONVERSION = YES;
				GCC_WARN_ABOUT_RETURN_TYPE = YES_ERROR;
				GCC_WARN_UNDECLARED_SELECTOR = YES;
				GCC_WARN_UNINITIALIZED_AUTOS = YES_AGGRESSIVE;
				GCC_WARN_UNUSED_FUNCTION = YES;
				GCC_WARN_UNUSED_VARIABLE = YES;
				IPHONEOS_DEPLOYMENT_TARGET = 15.5;
				MTL_ENABLE_DEBUG_INFO = NO;
				MTL_FAST_MATH = YES;
				SDKROOT = iphoneos;
				SWIFT_COMPILATION_MODE = wholemodule;
				SWIFT_OPTIMIZATION_LEVEL = "-O";
				VALIDATE_PRODUCT = YES;
			};
			name = Release;
		};
		4B3FA85B28EF0EAB00599358 /* Debug */ = {
			isa = XCBuildConfiguration;
			buildSettings = {
				ASSETCATALOG_COMPILER_APPICON_NAME = AppIcon;
				ASSETCATALOG_COMPILER_GLOBAL_ACCENT_COLOR_NAME = AccentColor;
				CODE_SIGN_STYLE = Automatic;
				CURRENT_PROJECT_VERSION = 1;
				DEVELOPMENT_TEAM = 2TQP365DRZ;
				GENERATE_INFOPLIST_FILE = YES;
				INFOPLIST_FILE = GreenDataTest/Info.plist;
				INFOPLIST_KEY_UIApplicationSupportsIndirectInputEvents = YES;
				INFOPLIST_KEY_UILaunchStoryboardName = LaunchScreen;
				INFOPLIST_KEY_UISupportedInterfaceOrientations_iPad = "UIInterfaceOrientationPortrait UIInterfaceOrientationPortraitUpsideDown UIInterfaceOrientationLandscapeLeft UIInterfaceOrientationLandscapeRight";
				INFOPLIST_KEY_UISupportedInterfaceOrientations_iPhone = "UIInterfaceOrientationPortrait UIInterfaceOrientationLandscapeLeft UIInterfaceOrientationLandscapeRight";
				LD_RUNPATH_SEARCH_PATHS = (
					"$(inherited)",
					"@executable_path/Frameworks",
				);
				MARKETING_VERSION = 1.0;
				PRODUCT_BUNDLE_IDENTIFIER = com.example.GreenDataTest;
				PRODUCT_NAME = "$(TARGET_NAME)";
				SWIFT_EMIT_LOC_STRINGS = YES;
				SWIFT_VERSION = 5.0;
				TARGETED_DEVICE_FAMILY = "1,2";
			};
			name = Debug;
		};
		4B3FA85C28EF0EAB00599358 /* Release */ = {
			isa = XCBuildConfiguration;
			buildSettings = {
				ASSETCATALOG_COMPILER_APPICON_NAME = AppIcon;
				ASSETCATALOG_COMPILER_GLOBAL_ACCENT_COLOR_NAME = AccentColor;
				CODE_SIGN_STYLE = Automatic;
				CURRENT_PROJECT_VERSION = 1;
				DEVELOPMENT_TEAM = 2TQP365DRZ;
				GENERATE_INFOPLIST_FILE = YES;
				INFOPLIST_FILE = GreenDataTest/Info.plist;
				INFOPLIST_KEY_UIApplicationSupportsIndirectInputEvents = YES;
				INFOPLIST_KEY_UILaunchStoryboardName = LaunchScreen;
				INFOPLIST_KEY_UISupportedInterfaceOrientations_iPad = "UIInterfaceOrientationPortrait UIInterfaceOrientationPortraitUpsideDown UIInterfaceOrientationLandscapeLeft UIInterfaceOrientationLandscapeRight";
				INFOPLIST_KEY_UISupportedInterfaceOrientations_iPhone = "UIInterfaceOrientationPortrait UIInterfaceOrientationLandscapeLeft UIInterfaceOrientationLandscapeRight";
				LD_RUNPATH_SEARCH_PATHS = (
					"$(inherited)",
					"@executable_path/Frameworks",
				);
				MARKETING_VERSION = 1.0;
				PRODUCT_BUNDLE_IDENTIFIER = com.example.GreenDataTest;
				PRODUCT_NAME = "$(TARGET_NAME)";
				SWIFT_EMIT_LOC_STRINGS = YES;
				SWIFT_VERSION = 5.0;
				TARGETED_DEVICE_FAMILY = "1,2";
			};
			name = Release;
		};
/* End XCBuildConfiguration section */

/* Begin XCConfigurationList section */
		4B3FA84128EF0EA100599358 /* Build configuration list for PBXProject "GreenDataTest" */ = {
			isa = XCConfigurationList;
			buildConfigurations = (
				4B3FA85828EF0EAB00599358 /* Debug */,
				4B3FA85928EF0EAB00599358 /* Release */,
			);
			defaultConfigurationIsVisible = 0;
			defaultConfigurationName = Release;
		};
		4B3FA85A28EF0EAB00599358 /* Build configuration list for PBXNativeTarget "GreenDataTest" */ = {
			isa = XCConfigurationList;
			buildConfigurations = (
				4B3FA85B28EF0EAB00599358 /* Debug */,
				4B3FA85C28EF0EAB00599358 /* Release */,
			);
			defaultConfigurationIsVisible = 0;
			defaultConfigurationName = Release;
		};
/* End XCConfigurationList section */

/* Begin XCVersionGroup section */
		4BF5742128F3567900F9752F /* Model.xcdatamodeld */ = {
			isa = XCVersionGroup;
			children = (
				4BF5742228F3567900F9752F /* Model.xcdatamodel */,
			);
			currentVersion = 4BF5742228F3567900F9752F /* Model.xcdatamodel */;
			path = Model.xcdatamodeld;
			sourceTree = "<group>";
			versionGroupType = wrapper.xcdatamodel;
		};
/* End XCVersionGroup section */
	};
	rootObject = 4B3FA83E28EF0EA100599358 /* Project object */;
}
